
Microsoft Visual Studio Solution File, Format Version 12.00
# Visual Studio 15
VisualStudioVersion = 15.0.28307.136
MinimumVisualStudioVersion = 10.0.40219.1
Project("{FAE04EC0-301F-11D3-BF4B-00C04F79EFBC}") = "EventPlanner.Mvc", "EventPlanner.Mvc\EventPlanner.Mvc.csproj", "{76ABC91E-F8DF-4491-81A3-537029CFAC34}"
EndProject
Global
	GlobalSection(SolutionConfigurationPlatforms) = preSolution
		Debug|Any CPU = Debug|Any CPU
		Release|Any CPU = Release|Any CPU
	EndGlobalSection
	GlobalSection(ProjectConfigurationPlatforms) = postSolution
		{76ABC91E-F8DF-4491-81A3-537029CFAC34}.Debug|Any CPU.ActiveCfg = Debug|Any CPU
		{76ABC91E-F8DF-4491-81A3-537029CFAC34}.Debug|Any CPU.Build.0 = Debug|Any CPU
		{76ABC91E-F8DF-4491-81A3-537029CFAC34}.Release|Any CPU.ActiveCfg = Release|Any CPU
		{76ABC91E-F8DF-4491-81A3-537029CFAC34}.Release|Any CPU.Build.0 = Release|Any CPU
	EndGlobalSection
	GlobalSection(SolutionProperties) = preSolution
		HideSolutionNode = FALSE
	EndGlobalSection
	GlobalSection(ExtensibilityGlobals) = postSolution
		SolutionGuid = {E3303BD1-F0AF-4E99-A30E-3E6345D683F7}
	EndGlobalSection
EndGlobal
