
Microsoft Visual Studio Solution File, Format Version 12.00
# Visual Studio 15
VisualStudioVersion = 15.0.28010.2003
MinimumVisualStudioVersion = 10.0.40219.1
Project("{FAE04EC0-301F-11D3-BF4B-00C04F79EFBC}") = "CharacterCreator.Winforms", "CharacterCreator.Winforms\CharacterCreator.Winforms.csproj", "{BC092FFF-7AC2-4EAE-A3EE-6954D540926E}"
EndProject
Project("{FAE04EC0-301F-11D3-BF4B-00C04F79EFBC}") = "CharacterCreator", "CharacterCreator\CharacterCreator.csproj", "{CAAFBE3A-CC10-4124-972F-03D2E46C20EA}"
EndProject
Global
	GlobalSection(SolutionConfigurationPlatforms) = preSolution
		Debug|Any CPU = Debug|Any CPU
		Release|Any CPU = Release|Any CPU
	EndGlobalSection
	GlobalSection(ProjectConfigurationPlatforms) = postSolution
		{BC092FFF-7AC2-4EAE-A3EE-6954D540926E}.Debug|Any CPU.ActiveCfg = Debug|Any CPU
		{BC092FFF-7AC2-4EAE-A3EE-6954D540926E}.Debug|Any CPU.Build.0 = Debug|Any CPU
		{BC092FFF-7AC2-4EAE-A3EE-6954D540926E}.Release|Any CPU.ActiveCfg = Release|Any CPU
		{BC092FFF-7AC2-4EAE-A3EE-6954D540926E}.Release|Any CPU.Build.0 = Release|Any CPU
		{CAAFBE3A-CC10-4124-972F-03D2E46C20EA}.Debug|Any CPU.ActiveCfg = Debug|Any CPU
		{CAAFBE3A-CC10-4124-972F-03D2E46C20EA}.Debug|Any CPU.Build.0 = Debug|Any CPU
		{CAAFBE3A-CC10-4124-972F-03D2E46C20EA}.Release|Any CPU.ActiveCfg = Release|Any CPU
		{CAAFBE3A-CC10-4124-972F-03D2E46C20EA}.Release|Any CPU.Build.0 = Release|Any CPU
	EndGlobalSection
	GlobalSection(SolutionProperties) = preSolution
		HideSolutionNode = FALSE
	EndGlobalSection
	GlobalSection(ExtensibilityGlobals) = postSolution
		SolutionGuid = {2469FA25-3CA4-4948-AC12-9C6CD4481393}
	EndGlobalSection
EndGlobal
