
Microsoft Visual Studio Solution File, Format Version 12.00
# Visual Studio 15
VisualStudioVersion = 15.0.27130.2036
MinimumVisualStudioVersion = 10.0.40219.1
Project("{FAE04EC0-301F-11D3-BF4B-00C04F79EFBC}") = "ITSE1430.MovieLib.UI", "ITSE1430.MovieLib.UI\ITSE1430.MovieLib.UI.csproj", "{06732069-DFEA-427B-9FCF-17C34972E7BF}"
EndProject
Project("{FAE04EC0-301F-11D3-BF4B-00C04F79EFBC}") = "ITSE1430.MovieLib", "ITSE1430.MovieLib\ITSE1430.MovieLib.csproj", "{F3BF916D-0195-4981-AAE7-86AC83340F61}"
EndProject
Project("{FAE04EC0-301F-11D3-BF4B-00C04F79EFBC}") = "ITSE1430.MovieLib.Memory", "ITSE1430.MovieLib.Memory\ITSE1430.MovieLib.Memory.csproj", "{16715FCA-98AD-4FF1-920E-7D1236E2BEBA}"
EndProject
Project("{FAE04EC0-301F-11D3-BF4B-00C04F79EFBC}") = "PlayWithLinq", "PlayWithLinq\PlayWithLinq.csproj", "{A0472E0D-D90B-4240-9039-6DD6B70FC47D}"
EndProject
Project("{00D1A9C2-B5F0-4AF3-8072-F6C62B433612}") = "MovieDatabase", "MovieDatabase\MovieDatabase.sqlproj", "{D336CD26-C9B8-4B7F-83E7-2F951DF1FABC}"
EndProject
Project("{FAE04EC0-301F-11D3-BF4B-00C04F79EFBC}") = "ITSE1430.MovieLib.Sql", "ITSE1430.MovieLib.Sql\ITSE1430.MovieLib.Sql.csproj", "{275E4AAF-68E7-483D-A955-6EB4D8DB1086}"
EndProject
Project("{FAE04EC0-301F-11D3-BF4B-00C04F79EFBC}") = "PlayWithReflection", "PlayWithReflection\PlayWithReflection.csproj", "{7601CE0B-B71F-4A89-9969-BF04C84A6EBF}"
EndProject
Project("{FAE04EC0-301F-11D3-BF4B-00C04F79EFBC}") = "Movie.Mvc", "Movie.Mvc\Movie.Mvc.csproj", "{6A774B68-F0C1-4F2D-BA37-0B1339B19417}"
EndProject
Global
	GlobalSection(SolutionConfigurationPlatforms) = preSolution
		Debug|Any CPU = Debug|Any CPU
		Release|Any CPU = Release|Any CPU
	EndGlobalSection
	GlobalSection(ProjectConfigurationPlatforms) = postSolution
		{06732069-DFEA-427B-9FCF-17C34972E7BF}.Debug|Any CPU.ActiveCfg = Debug|Any CPU
		{06732069-DFEA-427B-9FCF-17C34972E7BF}.Debug|Any CPU.Build.0 = Debug|Any CPU
		{06732069-DFEA-427B-9FCF-17C34972E7BF}.Release|Any CPU.ActiveCfg = Release|Any CPU
		{06732069-DFEA-427B-9FCF-17C34972E7BF}.Release|Any CPU.Build.0 = Release|Any CPU
		{F3BF916D-0195-4981-AAE7-86AC83340F61}.Debug|Any CPU.ActiveCfg = Debug|Any CPU
		{F3BF916D-0195-4981-AAE7-86AC83340F61}.Debug|Any CPU.Build.0 = Debug|Any CPU
		{F3BF916D-0195-4981-AAE7-86AC83340F61}.Release|Any CPU.ActiveCfg = Release|Any CPU
		{F3BF916D-0195-4981-AAE7-86AC83340F61}.Release|Any CPU.Build.0 = Release|Any CPU
		{16715FCA-98AD-4FF1-920E-7D1236E2BEBA}.Debug|Any CPU.ActiveCfg = Debug|Any CPU
		{16715FCA-98AD-4FF1-920E-7D1236E2BEBA}.Debug|Any CPU.Build.0 = Debug|Any CPU
		{16715FCA-98AD-4FF1-920E-7D1236E2BEBA}.Release|Any CPU.ActiveCfg = Release|Any CPU
		{16715FCA-98AD-4FF1-920E-7D1236E2BEBA}.Release|Any CPU.Build.0 = Release|Any CPU
		{A0472E0D-D90B-4240-9039-6DD6B70FC47D}.Debug|Any CPU.ActiveCfg = Debug|Any CPU
		{A0472E0D-D90B-4240-9039-6DD6B70FC47D}.Debug|Any CPU.Build.0 = Debug|Any CPU
		{A0472E0D-D90B-4240-9039-6DD6B70FC47D}.Release|Any CPU.ActiveCfg = Release|Any CPU
		{A0472E0D-D90B-4240-9039-6DD6B70FC47D}.Release|Any CPU.Build.0 = Release|Any CPU
		{D336CD26-C9B8-4B7F-83E7-2F951DF1FABC}.Debug|Any CPU.ActiveCfg = Debug|Any CPU
		{D336CD26-C9B8-4B7F-83E7-2F951DF1FABC}.Debug|Any CPU.Build.0 = Debug|Any CPU
		{D336CD26-C9B8-4B7F-83E7-2F951DF1FABC}.Debug|Any CPU.Deploy.0 = Debug|Any CPU
		{D336CD26-C9B8-4B7F-83E7-2F951DF1FABC}.Release|Any CPU.ActiveCfg = Release|Any CPU
		{D336CD26-C9B8-4B7F-83E7-2F951DF1FABC}.Release|Any CPU.Build.0 = Release|Any CPU
		{D336CD26-C9B8-4B7F-83E7-2F951DF1FABC}.Release|Any CPU.Deploy.0 = Release|Any CPU
		{275E4AAF-68E7-483D-A955-6EB4D8DB1086}.Debug|Any CPU.ActiveCfg = Debug|Any CPU
		{275E4AAF-68E7-483D-A955-6EB4D8DB1086}.Debug|Any CPU.Build.0 = Debug|Any CPU
		{275E4AAF-68E7-483D-A955-6EB4D8DB1086}.Release|Any CPU.ActiveCfg = Release|Any CPU
		{275E4AAF-68E7-483D-A955-6EB4D8DB1086}.Release|Any CPU.Build.0 = Release|Any CPU
		{7601CE0B-B71F-4A89-9969-BF04C84A6EBF}.Debug|Any CPU.ActiveCfg = Debug|Any CPU
		{7601CE0B-B71F-4A89-9969-BF04C84A6EBF}.Debug|Any CPU.Build.0 = Debug|Any CPU
		{7601CE0B-B71F-4A89-9969-BF04C84A6EBF}.Release|Any CPU.ActiveCfg = Release|Any CPU
		{7601CE0B-B71F-4A89-9969-BF04C84A6EBF}.Release|Any CPU.Build.0 = Release|Any CPU
		{6A774B68-F0C1-4F2D-BA37-0B1339B19417}.Debug|Any CPU.ActiveCfg = Debug|Any CPU
		{6A774B68-F0C1-4F2D-BA37-0B1339B19417}.Debug|Any CPU.Build.0 = Debug|Any CPU
		{6A774B68-F0C1-4F2D-BA37-0B1339B19417}.Release|Any CPU.ActiveCfg = Release|Any CPU
		{6A774B68-F0C1-4F2D-BA37-0B1339B19417}.Release|Any CPU.Build.0 = Release|Any CPU
	EndGlobalSection
	GlobalSection(SolutionProperties) = preSolution
		HideSolutionNode = FALSE
	EndGlobalSection
	GlobalSection(ExtensibilityGlobals) = postSolution
		SolutionGuid = {65571BDA-35D1-4A27-8AFF-30FADD7E16A1}
	EndGlobalSection
EndGlobal
