
Microsoft Visual Studio Solution File, Format Version 12.00
# Visual Studio 15
VisualStudioVersion = 15.0.28010.2046
MinimumVisualStudioVersion = 10.0.40219.1
Project("{FAE04EC0-301F-11D3-BF4B-00C04F79EFBC}") = "ContactManager.UI", "ContactManager.UI\ContactManager.UI.csproj", "{7CEB127F-3112-4A80-BAC9-7B04EE4C4922}"
EndProject
Project("{FAE04EC0-301F-11D3-BF4B-00C04F79EFBC}") = "ContactManager", "ContactManager\ContactManager.csproj", "{A27DE2D4-C419-4B51-BB27-5BB54EE62C75}"
EndProject
Global
	GlobalSection(SolutionConfigurationPlatforms) = preSolution
		Debug|Any CPU = Debug|Any CPU
		Release|Any CPU = Release|Any CPU
	EndGlobalSection
	GlobalSection(ProjectConfigurationPlatforms) = postSolution
		{7CEB127F-3112-4A80-BAC9-7B04EE4C4922}.Debug|Any CPU.ActiveCfg = Debug|Any CPU
		{7CEB127F-3112-4A80-BAC9-7B04EE4C4922}.Debug|Any CPU.Build.0 = Debug|Any CPU
		{7CEB127F-3112-4A80-BAC9-7B04EE4C4922}.Release|Any CPU.ActiveCfg = Release|Any CPU
		{7CEB127F-3112-4A80-BAC9-7B04EE4C4922}.Release|Any CPU.Build.0 = Release|Any CPU
		{A27DE2D4-C419-4B51-BB27-5BB54EE62C75}.Debug|Any CPU.ActiveCfg = Debug|Any CPU
		{A27DE2D4-C419-4B51-BB27-5BB54EE62C75}.Debug|Any CPU.Build.0 = Debug|Any CPU
		{A27DE2D4-C419-4B51-BB27-5BB54EE62C75}.Release|Any CPU.ActiveCfg = Release|Any CPU
		{A27DE2D4-C419-4B51-BB27-5BB54EE62C75}.Release|Any CPU.Build.0 = Release|Any CPU
	EndGlobalSection
	GlobalSection(SolutionProperties) = preSolution
		HideSolutionNode = FALSE
	EndGlobalSection
	GlobalSection(ExtensibilityGlobals) = postSolution
		SolutionGuid = {B472E837-5386-4834-8E38-84C253B3EDC8}
	EndGlobalSection
EndGlobal
